
Microsoft Visual Studio Solution File, Format Version 12.00
# Visual Studio Version 17
VisualStudioVersion = 17.0.31903.59
MinimumVisualStudioVersion = 10.0.40219.1
Project("{2150E333-8FDC-42A3-9474-1A3956D46DE8}") = "src", "src", "{3D82799A-C26F-481E-B1FB-9D47F74D03A0}"
EndProject
Project("{9A19103F-16F7-4668-BE54-9A1E7A4F7556}") = "AzureDevOps.InnerSource", "src\AzureDevOps.InnerSource\AzureDevOps.InnerSource.csproj", "{741BA6ED-DB09-4E16-B2A3-A48CB3B0B127}"
	ProjectSection(ProjectDependencies) = postProject
		{0ADE049D-9045-4D7E-88A1-7E17181CD362} = {0ADE049D-9045-4D7E-88A1-7E17181CD362}
	EndProjectSection
EndProject
Project("{2150E333-8FDC-42A3-9474-1A3956D46DE8}") = "Solution Items", "Solution Items", "{AE75F4A9-6611-47A4-9E86-CDCE4E1BF0B9}"
	ProjectSection(SolutionItems) = preProject
		Dockerfile = Dockerfile
		README.md = README.md
	EndProjectSection
EndProject
Project("{9A19103F-16F7-4668-BE54-9A1E7A4F7556}") = "AzureDevOps.InnerSource.ADO", "src\AzureDevOps.InnerSource.ADO\AzureDevOps.InnerSource.ADO.csproj", "{3FAC9A1B-0E2C-4622-9146-64D367454DF9}"
EndProject
Project("{9A19103F-16F7-4668-BE54-9A1E7A4F7556}") = "AzureDevOps.InnerSource.Common", "src\AzureDevOps.InnerSource.Common\AzureDevOps.InnerSource.Common.csproj", "{0ADE049D-9045-4D7E-88A1-7E17181CD362}"
EndProject
Project("{2150E333-8FDC-42A3-9474-1A3956D46DE8}") = "tests", "tests", "{CCDCB7CC-6650-40E1-9FF6-2E9E1E9BBCDC}"
EndProject
Project("{9A19103F-16F7-4668-BE54-9A1E7A4F7556}") = "AzureDevOps.InnerSource.ADO.UnitTests", "tests\AzureDevOps.InnerSource.ADO.UnitTests\AzureDevOps.InnerSource.ADO.UnitTests.csproj", "{58116E45-3FE6-444A-B1FC-3078766E022F}"
EndProject
Global
	GlobalSection(SolutionConfigurationPlatforms) = preSolution
		Debug|Any CPU = Debug|Any CPU
		Release|Any CPU = Release|Any CPU
	EndGlobalSection
	GlobalSection(ProjectConfigurationPlatforms) = postSolution
		{741BA6ED-DB09-4E16-B2A3-A48CB3B0B127}.Debug|Any CPU.ActiveCfg = Debug|Any CPU
		{741BA6ED-DB09-4E16-B2A3-A48CB3B0B127}.Debug|Any CPU.Build.0 = Debug|Any CPU
		{741BA6ED-DB09-4E16-B2A3-A48CB3B0B127}.Release|Any CPU.ActiveCfg = Release|Any CPU
		{741BA6ED-DB09-4E16-B2A3-A48CB3B0B127}.Release|Any CPU.Build.0 = Release|Any CPU
		{3FAC9A1B-0E2C-4622-9146-64D367454DF9}.Debug|Any CPU.ActiveCfg = Debug|Any CPU
		{3FAC9A1B-0E2C-4622-9146-64D367454DF9}.Debug|Any CPU.Build.0 = Debug|Any CPU
		{3FAC9A1B-0E2C-4622-9146-64D367454DF9}.Release|Any CPU.ActiveCfg = Release|Any CPU
		{3FAC9A1B-0E2C-4622-9146-64D367454DF9}.Release|Any CPU.Build.0 = Release|Any CPU
		{0ADE049D-9045-4D7E-88A1-7E17181CD362}.Debug|Any CPU.ActiveCfg = Debug|Any CPU
		{0ADE049D-9045-4D7E-88A1-7E17181CD362}.Debug|Any CPU.Build.0 = Debug|Any CPU
		{0ADE049D-9045-4D7E-88A1-7E17181CD362}.Release|Any CPU.ActiveCfg = Release|Any CPU
		{0ADE049D-9045-4D7E-88A1-7E17181CD362}.Release|Any CPU.Build.0 = Release|Any CPU
		{58116E45-3FE6-444A-B1FC-3078766E022F}.Debug|Any CPU.ActiveCfg = Debug|Any CPU
		{58116E45-3FE6-444A-B1FC-3078766E022F}.Debug|Any CPU.Build.0 = Debug|Any CPU
		{58116E45-3FE6-444A-B1FC-3078766E022F}.Release|Any CPU.ActiveCfg = Release|Any CPU
		{58116E45-3FE6-444A-B1FC-3078766E022F}.Release|Any CPU.Build.0 = Release|Any CPU
	EndGlobalSection
	GlobalSection(SolutionProperties) = preSolution
		HideSolutionNode = FALSE
	EndGlobalSection
	GlobalSection(NestedProjects) = preSolution
		{741BA6ED-DB09-4E16-B2A3-A48CB3B0B127} = {3D82799A-C26F-481E-B1FB-9D47F74D03A0}
		{3FAC9A1B-0E2C-4622-9146-64D367454DF9} = {3D82799A-C26F-481E-B1FB-9D47F74D03A0}
		{0ADE049D-9045-4D7E-88A1-7E17181CD362} = {3D82799A-C26F-481E-B1FB-9D47F74D03A0}
		{58116E45-3FE6-444A-B1FC-3078766E022F} = {CCDCB7CC-6650-40E1-9FF6-2E9E1E9BBCDC}
	EndGlobalSection
	GlobalSection(ExtensibilityGlobals) = postSolution
		SolutionGuid = {0B78A441-20C8-450C-BA52-100B4E88D213}
	EndGlobalSection
EndGlobal
